
Microsoft Visual Studio Solution File, Format Version 12.00
# Visual Studio Version 17
VisualStudioVersion = 17.8.34408.163
MinimumVisualStudioVersion = 10.0.40219.1
Project("{8BC9CEB8-8B4A-11D0-8D11-00A0C91BC942}") = "Recurssion-Factorial", "Recurssion-Factorial\Recurssion-Factorial.vcxproj", "{67BBCD68-B16E-4DB6-8B22-D1BD13E8743D}"
EndProject
Global
	GlobalSection(SolutionConfigurationPlatforms) = preSolution
		Debug|x64 = Debug|x64
		Debug|x86 = Debug|x86
		Release|x64 = Release|x64
		Release|x86 = Release|x86
	EndGlobalSection
	GlobalSection(ProjectConfigurationPlatforms) = postSolution
		{67BBCD68-B16E-4DB6-8B22-D1BD13E8743D}.Debug|x64.ActiveCfg = Debug|x64
		{67BBCD68-B16E-4DB6-8B22-D1BD13E8743D}.Debug|x64.Build.0 = Debug|x64
		{67BBCD68-B16E-4DB6-8B22-D1BD13E8743D}.Debug|x86.ActiveCfg = Debug|Win32
		{67BBCD68-B16E-4DB6-8B22-D1BD13E8743D}.Debug|x86.Build.0 = Debug|Win32
		{67BBCD68-B16E-4DB6-8B22-D1BD13E8743D}.Release|x64.ActiveCfg = Release|x64
		{67BBCD68-B16E-4DB6-8B22-D1BD13E8743D}.Release|x64.Build.0 = Release|x64
		{67BBCD68-B16E-4DB6-8B22-D1BD13E8743D}.Release|x86.ActiveCfg = Release|Win32
		{67BBCD68-B16E-4DB6-8B22-D1BD13E8743D}.Release|x86.Build.0 = Release|Win32
	EndGlobalSection
	GlobalSection(SolutionProperties) = preSolution
		HideSolutionNode = FALSE
	EndGlobalSection
	GlobalSection(ExtensibilityGlobals) = postSolution
		SolutionGuid = {84263567-8C41-446E-92FC-13A06A3B2764}
	EndGlobalSection
EndGlobal
