
Microsoft Visual Studio Solution File, Format Version 12.00
# Visual Studio Version 17
VisualStudioVersion = 17.8.34408.163
MinimumVisualStudioVersion = 10.0.40219.1
Project("{8BC9CEB8-8B4A-11D0-8D11-00A0C91BC942}") = "Array", "Array\Array.vcxproj", "{772A48D9-25B6-488B-B100-D1DE44879FDC}"
EndProject
Global
	GlobalSection(SolutionConfigurationPlatforms) = preSolution
		Debug|x64 = Debug|x64
		Debug|x86 = Debug|x86
		Release|x64 = Release|x64
		Release|x86 = Release|x86
	EndGlobalSection
	GlobalSection(ProjectConfigurationPlatforms) = postSolution
		{772A48D9-25B6-488B-B100-D1DE44879FDC}.Debug|x64.ActiveCfg = Debug|x64
		{772A48D9-25B6-488B-B100-D1DE44879FDC}.Debug|x64.Build.0 = Debug|x64
		{772A48D9-25B6-488B-B100-D1DE44879FDC}.Debug|x86.ActiveCfg = Debug|Win32
		{772A48D9-25B6-488B-B100-D1DE44879FDC}.Debug|x86.Build.0 = Debug|Win32
		{772A48D9-25B6-488B-B100-D1DE44879FDC}.Release|x64.ActiveCfg = Release|x64
		{772A48D9-25B6-488B-B100-D1DE44879FDC}.Release|x64.Build.0 = Release|x64
		{772A48D9-25B6-488B-B100-D1DE44879FDC}.Release|x86.ActiveCfg = Release|Win32
		{772A48D9-25B6-488B-B100-D1DE44879FDC}.Release|x86.Build.0 = Release|Win32
	EndGlobalSection
	GlobalSection(SolutionProperties) = preSolution
		HideSolutionNode = FALSE
	EndGlobalSection
	GlobalSection(ExtensibilityGlobals) = postSolution
		SolutionGuid = {6E0C8BE7-E0FA-4971-9406-B4CD0C070284}
	EndGlobalSection
EndGlobal
